
Microsoft Visual Studio Solution File, Format Version 12.00
# Visual Studio Version 16
VisualStudioVersion = 16.0.29926.136
MinimumVisualStudioVersion = 10.0.40219.1
Project("{FAE04EC0-301F-11D3-BF4B-00C04F79EFBC}") = "Фитнес-тренер", "Фитнес-тренер\Фитнес-тренер.csproj", "{23967507-CCBB-49EA-AFA4-FD1512BF8639}"
EndProject
Project("{FAE04EC0-301F-11D3-BF4B-00C04F79EFBC}") = "Wcf_server", "Wcf_server\Wcf_server.csproj", "{D5EDE7B9-E0F9-480C-8972-9022EE59C40C}"
EndProject
Project("{FAE04EC0-301F-11D3-BF4B-00C04F79EFBC}") = "Host v2", "Host v2\Host v2.csproj", "{99D2BC06-C7FD-4391-BCD5-AAAC96D7829E}"
EndProject
Global
	GlobalSection(SolutionConfigurationPlatforms) = preSolution
		Debug|Any CPU = Debug|Any CPU
		Release|Any CPU = Release|Any CPU
	EndGlobalSection
	GlobalSection(ProjectConfigurationPlatforms) = postSolution
		{23967507-CCBB-49EA-AFA4-FD1512BF8639}.Debug|Any CPU.ActiveCfg = Debug|Any CPU
		{23967507-CCBB-49EA-AFA4-FD1512BF8639}.Debug|Any CPU.Build.0 = Debug|Any CPU
		{23967507-CCBB-49EA-AFA4-FD1512BF8639}.Release|Any CPU.ActiveCfg = Release|Any CPU
		{23967507-CCBB-49EA-AFA4-FD1512BF8639}.Release|Any CPU.Build.0 = Release|Any CPU
		{D5EDE7B9-E0F9-480C-8972-9022EE59C40C}.Debug|Any CPU.ActiveCfg = Debug|Any CPU
		{D5EDE7B9-E0F9-480C-8972-9022EE59C40C}.Debug|Any CPU.Build.0 = Debug|Any CPU
		{D5EDE7B9-E0F9-480C-8972-9022EE59C40C}.Release|Any CPU.ActiveCfg = Release|Any CPU
		{D5EDE7B9-E0F9-480C-8972-9022EE59C40C}.Release|Any CPU.Build.0 = Release|Any CPU
		{99D2BC06-C7FD-4391-BCD5-AAAC96D7829E}.Debug|Any CPU.ActiveCfg = Debug|Any CPU
		{99D2BC06-C7FD-4391-BCD5-AAAC96D7829E}.Debug|Any CPU.Build.0 = Debug|Any CPU
		{99D2BC06-C7FD-4391-BCD5-AAAC96D7829E}.Release|Any CPU.ActiveCfg = Release|Any CPU
		{99D2BC06-C7FD-4391-BCD5-AAAC96D7829E}.Release|Any CPU.Build.0 = Release|Any CPU
	EndGlobalSection
	GlobalSection(SolutionProperties) = preSolution
		HideSolutionNode = FALSE
	EndGlobalSection
	GlobalSection(ExtensibilityGlobals) = postSolution
		SolutionGuid = {44AB6FE9-5AB6-4DCC-B2F0-F94E25464391}
	EndGlobalSection
EndGlobal
